
Microsoft Visual Studio Solution File, Format Version 12.00
# Visual Studio Version 17
VisualStudioVersion = 17.1.32228.430
MinimumVisualStudioVersion = 10.0.40219.1
Project("{2150E333-8FDC-42A3-9474-1A3956D46DE8}") = "src", "src", "{78C6F23E-3F4B-412C-9E8D-71841CAF5839}"
EndProject
Project("{9A19103F-16F7-4668-BE54-9A1E7A4F7556}") = "Singleton", "Singleton\Singleton.csproj", "{8A4CE4F5-1192-4D40-90B5-294C6C76C615}"
EndProject
Project("{9A19103F-16F7-4668-BE54-9A1E7A4F7556}") = "SimpleFactory", "SimpleFactory\SimpleFactory.csproj", "{A56AB378-77C5-4CCB-B5E9-999C7BF66CA6}"
EndProject
Project("{9A19103F-16F7-4668-BE54-9A1E7A4F7556}") = "Factory", "Factory\Factory.csproj", "{CE8CADE7-56A4-4296-B325-A1364C1BBF31}"
EndProject
Project("{9A19103F-16F7-4668-BE54-9A1E7A4F7556}") = "BuilderPattern", "BuilderPattern\BuilderPattern.csproj", "{C1537D71-0A00-43B7-AC6C-AF332895E60F}"
EndProject
Project("{9A19103F-16F7-4668-BE54-9A1E7A4F7556}") = "PropotypePattern", "PropotypePattern\PropotypePattern.csproj", "{3737CEB0-4237-42E2-8BDB-E5487EF1B495}"
EndProject
Project("{9A19103F-16F7-4668-BE54-9A1E7A4F7556}") = "AdapterPattern", "AdapterPattern\AdapterPattern.csproj", "{1FB145E9-49AF-412C-BCE6-24048925D641}"
EndProject
Project("{9A19103F-16F7-4668-BE54-9A1E7A4F7556}") = "BridgePattern", "BridgePattern\BridgePattern.csproj", "{1BFE92F1-C41B-443F-A8FC-3FDCE451F5D7}"
EndProject
Project("{FAE04EC0-301F-11D3-BF4B-00C04F79EFBC}") = "DecoratorPattern", "DecoratorPattern\DecoratorPattern.csproj", "{CFE77483-2C78-4C43-97B3-4D40E051925E}"
EndProject
Project("{FAE04EC0-301F-11D3-BF4B-00C04F79EFBC}") = "ConpositePattern", "ConpositePattern\ConpositePattern.csproj", "{3545C735-C1F6-4FB7-978C-AAB2C6694298}"
EndProject
Project("{FAE04EC0-301F-11D3-BF4B-00C04F79EFBC}") = "FacadePattern", "FacadePattern\FacadePattern.csproj", "{D5F2BCA0-9D11-46BA-B792-2AAE6D5FD6A7}"
EndProject
Global
	GlobalSection(SolutionConfigurationPlatforms) = preSolution
		Debug|Any CPU = Debug|Any CPU
		Release|Any CPU = Release|Any CPU
	EndGlobalSection
	GlobalSection(ProjectConfigurationPlatforms) = postSolution
		{8A4CE4F5-1192-4D40-90B5-294C6C76C615}.Debug|Any CPU.ActiveCfg = Debug|Any CPU
		{8A4CE4F5-1192-4D40-90B5-294C6C76C615}.Debug|Any CPU.Build.0 = Debug|Any CPU
		{8A4CE4F5-1192-4D40-90B5-294C6C76C615}.Release|Any CPU.ActiveCfg = Release|Any CPU
		{8A4CE4F5-1192-4D40-90B5-294C6C76C615}.Release|Any CPU.Build.0 = Release|Any CPU
		{A56AB378-77C5-4CCB-B5E9-999C7BF66CA6}.Debug|Any CPU.ActiveCfg = Debug|Any CPU
		{A56AB378-77C5-4CCB-B5E9-999C7BF66CA6}.Debug|Any CPU.Build.0 = Debug|Any CPU
		{A56AB378-77C5-4CCB-B5E9-999C7BF66CA6}.Release|Any CPU.ActiveCfg = Release|Any CPU
		{A56AB378-77C5-4CCB-B5E9-999C7BF66CA6}.Release|Any CPU.Build.0 = Release|Any CPU
		{CE8CADE7-56A4-4296-B325-A1364C1BBF31}.Debug|Any CPU.ActiveCfg = Debug|Any CPU
		{CE8CADE7-56A4-4296-B325-A1364C1BBF31}.Debug|Any CPU.Build.0 = Debug|Any CPU
		{CE8CADE7-56A4-4296-B325-A1364C1BBF31}.Release|Any CPU.ActiveCfg = Release|Any CPU
		{CE8CADE7-56A4-4296-B325-A1364C1BBF31}.Release|Any CPU.Build.0 = Release|Any CPU
		{C1537D71-0A00-43B7-AC6C-AF332895E60F}.Debug|Any CPU.ActiveCfg = Debug|Any CPU
		{C1537D71-0A00-43B7-AC6C-AF332895E60F}.Debug|Any CPU.Build.0 = Debug|Any CPU
		{C1537D71-0A00-43B7-AC6C-AF332895E60F}.Release|Any CPU.ActiveCfg = Release|Any CPU
		{C1537D71-0A00-43B7-AC6C-AF332895E60F}.Release|Any CPU.Build.0 = Release|Any CPU
		{3737CEB0-4237-42E2-8BDB-E5487EF1B495}.Debug|Any CPU.ActiveCfg = Debug|Any CPU
		{3737CEB0-4237-42E2-8BDB-E5487EF1B495}.Debug|Any CPU.Build.0 = Debug|Any CPU
		{3737CEB0-4237-42E2-8BDB-E5487EF1B495}.Release|Any CPU.ActiveCfg = Release|Any CPU
		{3737CEB0-4237-42E2-8BDB-E5487EF1B495}.Release|Any CPU.Build.0 = Release|Any CPU
		{1FB145E9-49AF-412C-BCE6-24048925D641}.Debug|Any CPU.ActiveCfg = Debug|Any CPU
		{1FB145E9-49AF-412C-BCE6-24048925D641}.Debug|Any CPU.Build.0 = Debug|Any CPU
		{1FB145E9-49AF-412C-BCE6-24048925D641}.Release|Any CPU.ActiveCfg = Release|Any CPU
		{1FB145E9-49AF-412C-BCE6-24048925D641}.Release|Any CPU.Build.0 = Release|Any CPU
		{1BFE92F1-C41B-443F-A8FC-3FDCE451F5D7}.Debug|Any CPU.ActiveCfg = Debug|Any CPU
		{1BFE92F1-C41B-443F-A8FC-3FDCE451F5D7}.Debug|Any CPU.Build.0 = Debug|Any CPU
		{1BFE92F1-C41B-443F-A8FC-3FDCE451F5D7}.Release|Any CPU.ActiveCfg = Release|Any CPU
		{1BFE92F1-C41B-443F-A8FC-3FDCE451F5D7}.Release|Any CPU.Build.0 = Release|Any CPU
		{CFE77483-2C78-4C43-97B3-4D40E051925E}.Debug|Any CPU.ActiveCfg = Debug|Any CPU
		{CFE77483-2C78-4C43-97B3-4D40E051925E}.Debug|Any CPU.Build.0 = Debug|Any CPU
		{CFE77483-2C78-4C43-97B3-4D40E051925E}.Release|Any CPU.ActiveCfg = Release|Any CPU
		{CFE77483-2C78-4C43-97B3-4D40E051925E}.Release|Any CPU.Build.0 = Release|Any CPU
		{3545C735-C1F6-4FB7-978C-AAB2C6694298}.Debug|Any CPU.ActiveCfg = Debug|Any CPU
		{3545C735-C1F6-4FB7-978C-AAB2C6694298}.Debug|Any CPU.Build.0 = Debug|Any CPU
		{3545C735-C1F6-4FB7-978C-AAB2C6694298}.Release|Any CPU.ActiveCfg = Release|Any CPU
		{3545C735-C1F6-4FB7-978C-AAB2C6694298}.Release|Any CPU.Build.0 = Release|Any CPU
		{D5F2BCA0-9D11-46BA-B792-2AAE6D5FD6A7}.Debug|Any CPU.ActiveCfg = Debug|Any CPU
		{D5F2BCA0-9D11-46BA-B792-2AAE6D5FD6A7}.Debug|Any CPU.Build.0 = Debug|Any CPU
		{D5F2BCA0-9D11-46BA-B792-2AAE6D5FD6A7}.Release|Any CPU.ActiveCfg = Release|Any CPU
		{D5F2BCA0-9D11-46BA-B792-2AAE6D5FD6A7}.Release|Any CPU.Build.0 = Release|Any CPU
	EndGlobalSection
	GlobalSection(SolutionProperties) = preSolution
		HideSolutionNode = FALSE
	EndGlobalSection
	GlobalSection(NestedProjects) = preSolution
		{8A4CE4F5-1192-4D40-90B5-294C6C76C615} = {78C6F23E-3F4B-412C-9E8D-71841CAF5839}
		{A56AB378-77C5-4CCB-B5E9-999C7BF66CA6} = {78C6F23E-3F4B-412C-9E8D-71841CAF5839}
		{CE8CADE7-56A4-4296-B325-A1364C1BBF31} = {78C6F23E-3F4B-412C-9E8D-71841CAF5839}
		{C1537D71-0A00-43B7-AC6C-AF332895E60F} = {78C6F23E-3F4B-412C-9E8D-71841CAF5839}
		{3737CEB0-4237-42E2-8BDB-E5487EF1B495} = {78C6F23E-3F4B-412C-9E8D-71841CAF5839}
		{1FB145E9-49AF-412C-BCE6-24048925D641} = {78C6F23E-3F4B-412C-9E8D-71841CAF5839}
		{1BFE92F1-C41B-443F-A8FC-3FDCE451F5D7} = {78C6F23E-3F4B-412C-9E8D-71841CAF5839}
		{CFE77483-2C78-4C43-97B3-4D40E051925E} = {78C6F23E-3F4B-412C-9E8D-71841CAF5839}
		{3545C735-C1F6-4FB7-978C-AAB2C6694298} = {78C6F23E-3F4B-412C-9E8D-71841CAF5839}
		{D5F2BCA0-9D11-46BA-B792-2AAE6D5FD6A7} = {78C6F23E-3F4B-412C-9E8D-71841CAF5839}
	EndGlobalSection
	GlobalSection(ExtensibilityGlobals) = postSolution
		SolutionGuid = {5421DF02-B857-4876-9B40-4CFBC394386A}
	EndGlobalSection
EndGlobal
